# This file is automatically @generated by Cargo.
# It is not intended for manual editing.
version = 3

[[package]]
name = "check_mate_client"
version = "0.1.0"
dependencies = [
 "check_mate_common",
]

[[package]]
name = "check_mate_common"
version = "0.1.0"

[[package]]
name = "check_mate_server"
version = "0.1.0"
dependencies = [
 "check_mate_common",
]

[[package]]
name = "tests"
version = "0.1.0"
dependencies = [
 "check_mate_common",
]
